<Solution>
  <Folder Name="/sample/">
    <Project Path="sample/Atc.Azure.DigitalTwin.Console.Sample/Atc.Azure.DigitalTwin.Console.Sample.csproj" />
  </Folder>
  <Folder Name="/src/">
    <Project Path="src/Atc.Azure.DigitalTwin.CLI/Atc.Azure.DigitalTwin.CLI.csproj" />
    <Project Path="src/Atc.Azure.DigitalTwin/Atc.Azure.DigitalTwin.csproj" />
  </Folder>
  <Folder Name="/test/" />
</Solution>
